
Microsoft Visual Studio Solution File, Format Version 12.00
# Visual Studio Version 17
VisualStudioVersion = 17.0.31903.59
MinimumVisualStudioVersion = 10.0.40219.1
Project("{FAE04EC0-301F-11D3-BF4B-00C04F79EFBC}") = "CalcEngine", "CalcEngine\CalcEngine.csproj", "{4BD2F2CE-79EB-4680-AD74-1541239A6298}"
EndProject
Project("{FAE04EC0-301F-11D3-BF4B-00C04F79EFBC}") = "CalcEngine.Tests", "CalcEngine.Tests\CalcEngine.Tests.csproj", "{24715D1B-899A-4C80-AE85-33E98AB81B4A}"
EndProject
Global
	GlobalSection(SolutionConfigurationPlatforms) = preSolution
		Debug|Any CPU = Debug|Any CPU
		Release|Any CPU = Release|Any CPU
	EndGlobalSection
	GlobalSection(SolutionProperties) = preSolution
		HideSolutionNode = FALSE
	EndGlobalSection
	GlobalSection(ProjectConfigurationPlatforms) = postSolution
		{4BD2F2CE-79EB-4680-AD74-1541239A6298}.Debug|Any CPU.ActiveCfg = Debug|Any CPU
		{4BD2F2CE-79EB-4680-AD74-1541239A6298}.Debug|Any CPU.Build.0 = Debug|Any CPU
		{4BD2F2CE-79EB-4680-AD74-1541239A6298}.Release|Any CPU.ActiveCfg = Release|Any CPU
		{4BD2F2CE-79EB-4680-AD74-1541239A6298}.Release|Any CPU.Build.0 = Release|Any CPU
		{24715D1B-899A-4C80-AE85-33E98AB81B4A}.Debug|Any CPU.ActiveCfg = Debug|Any CPU
		{24715D1B-899A-4C80-AE85-33E98AB81B4A}.Debug|Any CPU.Build.0 = Debug|Any CPU
		{24715D1B-899A-4C80-AE85-33E98AB81B4A}.Release|Any CPU.ActiveCfg = Release|Any CPU
		{24715D1B-899A-4C80-AE85-33E98AB81B4A}.Release|Any CPU.Build.0 = Release|Any CPU
	EndGlobalSection
EndGlobal
